%{
  "abacus": {:hex, :abacus, "2.2.0", "2a7a1e4d35a72d481153f5bba7790a2d30a5cedf463e5be344d6769c9b5d0cba", [:mix], [], "hexpm", "dc89ccbd711986fd10a8e2f11f532b332f8a975c6c5967e4ec6b47b4ba92ff60"},
  "abnf_parsec": {:hex, :abnf_parsec, "2.1.0", "c4e88d5d089f1698297c0daced12be1fb404e6e577ecf261313ebba5477941f9", [:mix], [{:nimble_parsec, "~> 1.4", [hex: :nimble_parsec, repo: "hexpm", optional: false]}], "hexpm", "e0ed6290c7cc7e5020c006d1003520390c9bdd20f7c3f776bd49bfe3c5cd362a"},
  "bandit": {:hex, :bandit, "1.10.4", "02b9734c67c5916a008e7eb7e2ba68aaea6f8177094a5f8d95f1fb99069aac17", [:mix], [{:hpax, "~> 1.0", [hex: :hpax, repo: "hexpm", optional: false]}, {:plug, "~> 1.18", [hex: :plug, repo: "hexpm", optional: false]}, {:telemetry, "~> 0.4 or ~> 1.0", [hex: :telemetry, repo: "hexpm", optional: false]}, {:thousand_island, "~> 1.0", [hex: :thousand_island, repo: "hexpm", optional: false]}, {:websock, "~> 0.5", [hex: :websock, repo: "hexpm", optional: false]}], "hexpm", "a5faf501042ac1f31d736d9d4a813b3db4ef812e634583b6a457b0928798a51d"},
  "cc_precompiler": {:hex, :cc_precompiler, "0.1.11", "8c844d0b9fb98a3edea067f94f616b3f6b29b959b6b3bf25fee94ffe34364768", [:mix], [{:elixir_make, "~> 0.7", [hex: :elixir_make, repo: "hexpm", optional: false]}], "hexpm", "3427232caf0835f94680e5bcf082408a70b48ad68a5f5c0b02a3bea9f3a075b9"},
  "circular_buffer": {:hex, :circular_buffer, "1.0.0", "25c004da0cba7bd8bc1bdabded4f9a902d095e20600fd15faf1f2ffbaea18a07", [:mix], [], "hexpm", "c829ec31c13c7bafd1f546677263dff5bfb006e929f25635878ac3cfba8749e5"},
  "crontab": {:hex, :crontab, "1.2.0", "503611820257939d5d0fd272eb2b454f48a470435a809479ddc2c40bb515495c", [:mix], [{:ecto, "~> 1.0 or ~> 2.0 or ~> 3.0", [hex: :ecto, repo: "hexpm", optional: true]}], "hexpm", "ebd7ef4d831e1b20fa4700f0de0284a04cac4347e813337978e25b4cc5cc2207"},
  "db_connection": {:hex, :db_connection, "2.9.0", "a6a97c5c958a2d7091a58a9be40caf41ab496b0701d21e1d1abff3fa27a7f371", [:mix], [{:telemetry, "~> 0.4 or ~> 1.0", [hex: :telemetry, repo: "hexpm", optional: false]}], "hexpm", "17d502eacaf61829db98facf6f20808ed33da6ccf495354a41e64fe42f9c509c"},
  "decimal": {:hex, :decimal, "2.4.1", "6c0fbede12fb122ba685e9ab41c6a40c129e322b3aa192f9e072e61f3a6ffaf2", [:mix], [], "hexpm", "7e618897933a8455f19a727d7c5e50a2c071a544b700e5e724298ecb4340187f"},
  "deep_merge": {:hex, :deep_merge, "1.0.0", "b4aa1a0d1acac393bdf38b2291af38cb1d4a52806cf7a4906f718e1feb5ee961", [:mix], [], "hexpm", "ce708e5f094b9cd4e8f2be4f00d2f4250c4095be93f8cd6d018c753894885430"},
  "dns_cluster": {:hex, :dns_cluster, "0.2.0", "aa8eb46e3bd0326bd67b84790c561733b25c5ba2fe3c7e36f28e88f384ebcb33", [:mix], [], "hexpm", "ba6f1893411c69c01b9e8e8f772062535a4cf70f3f35bcc964a324078d8c8240"},
  "dotenvy": {:hex, :dotenvy, "1.1.1", "00e318f3c51de9fafc4b48598447e386f19204dc18ca69886905bb8f8b08b667", [:mix], [], "hexpm", "c8269471b5701e9e56dc86509c1199ded2b33dce088c3471afcfef7839766d8e"},
  "ecto": {:hex, :ecto, "3.13.6", "352135b474f91d1ab99a1b502171d207e9db60421c9e3d0ecab4c7ab96b24d14", [:mix], [{:decimal, "~> 2.0 or ~> 3.0", [hex: :decimal, repo: "hexpm", optional: false]}, {:jason, "~> 1.0", [hex: :jason, repo: "hexpm", optional: true]}, {:telemetry, "~> 0.4 or ~> 1.0", [hex: :telemetry, repo: "hexpm", optional: false]}], "hexpm", "8afa059bc16cd2c94739ec0a11e3e5df69d828125119109bef35f20a21a76af2"},
  "ecto_sql": {:hex, :ecto_sql, "3.13.5", "2f8282b2ad97bf0f0d3217ea0a6fff320ead9e2f8770f810141189d182dc304e", [:mix], [{:db_connection, "~> 2.4.1 or ~> 2.5", [hex: :db_connection, repo: "hexpm", optional: false]}, {:ecto, "~> 3.13.0", [hex: :ecto, repo: "hexpm", optional: false]}, {:myxql, "~> 0.7", [hex: :myxql, repo: "hexpm", optional: true]}, {:postgrex, "~> 0.19 or ~> 1.0", [hex: :postgrex, repo: "hexpm", optional: true]}, {:tds, "~> 2.1.1 or ~> 2.2", [hex: :tds, repo: "hexpm", optional: true]}, {:telemetry, "~> 0.4.0 or ~> 1.0", [hex: :telemetry, repo: "hexpm", optional: false]}], "hexpm", "aa36751f4e6a2b56ae79efb0e088042e010ff4935fc8684e74c23b1f49e25fdc"},
  "elixir_make": {:hex, :elixir_make, "0.9.0", "6484b3cd8c0cee58f09f05ecaf1a140a8c97670671a6a0e7ab4dc326c3109726", [:mix], [], "hexpm", "db23d4fd8b757462ad02f8aa73431a426fe6671c80b200d9710caf3d1dd0ffdb"},
  "esbuild": {:hex, :esbuild, "0.10.0", "b0aa3388a1c23e727c5a3e7427c932d89ee791746b0081bbe56103e9ef3d291f", [:mix], [{:jason, "~> 1.4", [hex: :jason, repo: "hexpm", optional: false]}], "hexpm", "468489cda427b974a7cc9f03ace55368a83e1a7be12fba7e30969af78e5f8c70"},
  "ex_aws_auth": {:hex, :ex_aws_auth, "1.3.1", "3963992d6f7cb251b53573603c3615cec70c3f4d86199fdb865ff440295ef7a4", [:mix], [{:jason, "~> 1.4", [hex: :jason, repo: "hexpm", optional: true]}, {:req, "~> 0.5", [hex: :req, repo: "hexpm", optional: true]}], "hexpm", "025793aa08fa419aabdb652db60edbdb2e12346bd447988a1bb5854c4dd64903"},
  "expo": {:hex, :expo, "1.1.1", "4202e1d2ca6e2b3b63e02f69cfe0a404f77702b041d02b58597c00992b601db5", [:mix], [], "hexpm", "5fb308b9cb359ae200b7e23d37c76978673aa1b06e2b3075d814ce12c5811640"},
  "file_system": {:hex, :file_system, "1.1.1", "31864f4685b0148f25bd3fbef2b1228457c0c89024ad67f7a81a3ffbc0bbad3a", [:mix], [], "hexpm", "7a15ff97dfe526aeefb090a7a9d3d03aa907e100e262a0f8f7746b78f8f87a5d"},
  "finch": {:hex, :finch, "0.22.0", "5c48fa6f9706a78eb9036cacb67b8b996b4e66d111c543f4c29bb0f879a6806b", [:mix], [{:mime, "~> 1.0 or ~> 2.0", [hex: :mime, repo: "hexpm", optional: false]}, {:mint, "~> 1.8", [hex: :mint, repo: "hexpm", optional: false]}, {:nimble_options, "~> 0.4 or ~> 1.0", [hex: :nimble_options, repo: "hexpm", optional: false]}, {:nimble_pool, "~> 1.1", [hex: :nimble_pool, repo: "hexpm", optional: false]}, {:telemetry, "~> 0.4 or ~> 1.0", [hex: :telemetry, repo: "hexpm", optional: false]}], "hexpm", "b94e83c47780fc6813f746a1f1a34ee65cda42da4c5ea26a68f0acc4498e23dc"},
  "fine": {:hex, :fine, "0.1.6", "4bf7151493443c454aac9f2fa2f34f5fefd0346a83fb5586a016c4a135c63247", [:mix], [], "hexpm", "5638eb4495488e885ebec167fa57973e5c35e1a50c344eb7666c90ec1c4e3b12"},
  "fuse": {:hex, :fuse, "2.5.0", "71afa90be21da4e64f94abba9d36472faa2d799c67fedc3bd1752a88ea4c4753", [:rebar3], [], "hexpm", "7f52a1c84571731ad3c91d569e03131cc220ebaa7e2a11034405f0bac46a4fef"},
  "gettext": {:hex, :gettext, "1.0.2", "5457e1fd3f4abe47b0e13ff85086aabae760497a3497909b8473e0acee57673b", [:mix], [{:expo, "~> 0.5.1 or ~> 1.0", [hex: :expo, repo: "hexpm", optional: false]}], "hexpm", "eab805501886802071ad290714515c8c4a17196ea76e5afc9d06ca85fb1bfeb3"},
  "heroicons": {:git, "https://github.com/tailwindlabs/heroicons.git", "0435d4ca364a608cc75e2f8683d374e55abbae26", [tag: "v2.2.0", sparse: "optimized", depth: 1]},
  "hpax": {:hex, :hpax, "1.0.3", "ed67ef51ad4df91e75cc6a1494f851850c0bd98ebc0be6e81b026e765ee535aa", [:mix], [], "hexpm", "8eab6e1cfa8d5918c2ce4ba43588e894af35dbd8e91e6e55c817bca5847df34a"},
  "idna": {:hex, :idna, "6.1.1", "8a63070e9f7d0c62eb9d9fcb360a7de382448200fbbd1b106cc96d3d8099df8d", [:rebar3], [{:unicode_util_compat, "~> 0.7.0", [hex: :unicode_util_compat, repo: "hexpm", optional: false]}], "hexpm", "92376eb7894412ed19ac475e4a86f7b413c1b9fbb5bd16dccd57934157944cea"},
  "jason": {:hex, :jason, "1.4.5", "2e3a008590b0b8d7388c20293e9dcc9cf3e5d642fd2a114e4cbbb52e595d940a", [:mix], [{:decimal, "~> 1.0 or ~> 2.0 or ~> 3.0", [hex: :decimal, repo: "hexpm", optional: true]}], "hexpm", "b0c823996102bcd0239b3c2444eb00409b72f6a140c1950bc8b457d836b30684"},
  "jido": {:hex, :jido, "2.3.0", "8e7d719250d94d9a66075f7170f1314e6c1fb279249e920d3bf74d0cd7a46791", [:mix], [{:crontab, "~> 1.2", [hex: :crontab, repo: "hexpm", optional: false]}, {:deep_merge, "~> 1.0", [hex: :deep_merge, repo: "hexpm", optional: false]}, {:igniter, "~> 0.7", [hex: :igniter, repo: "hexpm", optional: true]}, {:jason, "~> 1.4", [hex: :jason, repo: "hexpm", optional: false]}, {:jido_action, "~> 2.3", [hex: :jido_action, repo: "hexpm", optional: false]}, {:jido_signal, "~> 2.2", [hex: :jido_signal, repo: "hexpm", optional: false]}, {:nimble_options, "~> 1.1", [hex: :nimble_options, repo: "hexpm", optional: false]}, {:ok, "~> 2.3", [hex: :ok, repo: "hexpm", optional: false]}, {:phoenix_pubsub, "~> 2.1", [hex: :phoenix_pubsub, repo: "hexpm", optional: false]}, {:poolboy, "~> 1.5", [hex: :poolboy, repo: "hexpm", optional: false]}, {:splode, "~> 0.3.0", [hex: :splode, repo: "hexpm", optional: false]}, {:telemetry, "~> 1.3", [hex: :telemetry, repo: "hexpm", optional: false]}, {:telemetry_metrics, "~> 1.1", [hex: :telemetry_metrics, repo: "hexpm", optional: false]}, {:time_zone_info, "~> 0.7", [hex: :time_zone_info, repo: "hexpm", optional: false]}, {:uniq, "~> 0.6.1", [hex: :uniq, repo: "hexpm", optional: false]}], "hexpm", "8bdb2a4e1d317c9d8d920c5b8dc20f0f0c0b7ea369fe290faaaa182a5c83ecbb"},
  "jido_action": {:hex, :jido_action, "2.3.0", "a934003d73e53a636853c41b78b97be5d1d69c70de92dd0710bb14832af1eb84", [:mix], [{:abacus, "~> 2.1", [hex: :abacus, repo: "hexpm", optional: false]}, {:igniter, "~> 0.7", [hex: :igniter, repo: "hexpm", optional: true]}, {:jason, "~> 1.4", [hex: :jason, repo: "hexpm", optional: false]}, {:lua, "~> 0.3", [hex: :lua, repo: "hexpm", optional: false]}, {:multigraph, "~> 0.16.1-mg.3", [hex: :multigraph, repo: "hexpm", optional: false]}, {:nimble_options, "~> 1.1", [hex: :nimble_options, repo: "hexpm", optional: false]}, {:private, "~> 0.1.2", [hex: :private, repo: "hexpm", optional: false]}, {:req, "~> 0.5.10", [hex: :req, repo: "hexpm", optional: false]}, {:splode, "~> 0.3.0", [hex: :splode, repo: "hexpm", optional: false]}, {:telemetry, "~> 1.3", [hex: :telemetry, repo: "hexpm", optional: false]}, {:telemetry_metrics, "~> 1.1", [hex: :telemetry_metrics, repo: "hexpm", optional: false]}, {:uniq, "~> 0.6.1", [hex: :uniq, repo: "hexpm", optional: false]}, {:zoi, "~> 0.17", [hex: :zoi, repo: "hexpm", optional: false]}], "hexpm", "5f60688c36802b5b2a82ad82167f88442424dd062cb0e91045486784d74a96f4"},
  "jido_signal": {:hex, :jido_signal, "2.2.0", "44020360c7a5bb6018d5a5dcc1a7f1467ed03a7ba3db59a2674f41b1e2dabb35", [:mix], [{:fuse, "~> 2.5", [hex: :fuse, repo: "hexpm", optional: false]}, {:igniter, "~> 0.7", [hex: :igniter, repo: "hexpm", optional: true]}, {:jason, "~> 1.4", [hex: :jason, repo: "hexpm", optional: false]}, {:memento, "~> 0.5.0", [hex: :memento, repo: "hexpm", optional: false]}, {:msgpax, "~> 2.3", [hex: :msgpax, repo: "hexpm", optional: false]}, {:nimble_options, "~> 1.1", [hex: :nimble_options, repo: "hexpm", optional: false]}, {:phoenix_pubsub, "~> 2.1", [hex: :phoenix_pubsub, repo: "hexpm", optional: false]}, {:splode, "~> 0.3.0", [hex: :splode, repo: "hexpm", optional: false]}, {:telemetry, "~> 1.3", [hex: :telemetry, repo: "hexpm", optional: false]}, {:uniq, "~> 0.6.1", [hex: :uniq, repo: "hexpm", optional: false]}, {:zoi, "~> 0.18.1", [hex: :zoi, repo: "hexpm", optional: false]}], "hexpm", "0605fa384c18b4b7692779081e263ba29d94e2293d43286a9746efa06d10a64e"},
  "jsv": {:hex, :jsv, "0.19.3", "9758284e382140d4775f90d401425b3ed56d95a58e3737404c973ccf004f5bc8", [:mix], [{:abnf_parsec, "~> 2.0", [hex: :abnf_parsec, repo: "hexpm", optional: false]}, {:decimal, "~> 2.0 or ~> 3.0", [hex: :decimal, repo: "hexpm", optional: true]}, {:idna, "~> 6.0 or ~> 7.0", [hex: :idna, repo: "hexpm", optional: false]}, {:jason, "~> 1.0", [hex: :jason, repo: "hexpm", optional: true]}, {:nimble_options, "~> 1.0", [hex: :nimble_options, repo: "hexpm", optional: false]}, {:texture, "~> 1.0", [hex: :texture, repo: "hexpm", optional: false]}], "hexpm", "5ea9200eb7328cea3ac1b6ffb1d031a3e3afb9d8bc0215a9ff280bcff93d4dc9"},
  "lazy_html": {:hex, :lazy_html, "0.1.11", "136c8e9cd616b4f4e9c1562daa683880891120b759606dc4c3b6b18058ba5d79", [:make, :mix], [{:cc_precompiler, "~> 0.1", [hex: :cc_precompiler, repo: "hexpm", optional: false]}, {:elixir_make, "~> 0.9.0", [hex: :elixir_make, repo: "hexpm", optional: false]}, {:fine, "~> 0.1.0", [hex: :fine, repo: "hexpm", optional: false]}], "hexpm", "3b1be592929c31eca1a21673d25696e5c14cddfe922d9d1a3e3b48be4163883b"},
  "live_debugger": {:hex, :live_debugger, "1.0.0", "0bbcbdcb3b40b6862b6dfbb76579e7832e2787fee643031e5958f597def6fb32", [:mix], [{:file_system, "~> 1.0", [hex: :file_system, repo: "hexpm", optional: false]}, {:igniter, ">= 0.5.40 and < 1.0.0-0", [hex: :igniter, repo: "hexpm", optional: true]}, {:phoenix, "~> 1.7", [hex: :phoenix, repo: "hexpm", optional: false]}, {:phoenix_live_view, ">= 1.1.7 and < 2.0.0-0", [hex: :phoenix_live_view, repo: "hexpm", optional: false]}], "hexpm", "b80f5d9db874d3270eb534738a10982b2b4ce55d58f94544e43b4a36111585fc"},
  "llm_db": {:hex, :llm_db, "2026.5.2", "bec38e9489d552464e76158442b49aa7d798040cf138f803551bc6b037508210", [:mix], [{:deep_merge, "~> 1.0", [hex: :deep_merge, repo: "hexpm", optional: false]}, {:dotenvy, "~> 1.1", [hex: :dotenvy, repo: "hexpm", optional: false]}, {:igniter, "~> 0.7", [hex: :igniter, repo: "hexpm", optional: true]}, {:jason, "~> 1.4", [hex: :jason, repo: "hexpm", optional: false]}, {:req, "~> 0.5", [hex: :req, repo: "hexpm", optional: false]}, {:toml, "~> 0.7", [hex: :toml, repo: "hexpm", optional: false]}, {:zoi, "~> 0.10", [hex: :zoi, repo: "hexpm", optional: false]}], "hexpm", "8e4eee268d6682320ef8d087b270dfbfdf6db022c2392971e506e0d4d59e6dba"},
  "lua": {:hex, :lua, "0.4.0", "de0f04871fdd133cd13a0662690b4fd3ba7a73ca5857493c4665a0a4251908fe", [:mix], [{:luerl, "~> 1.5.1", [hex: :luerl, repo: "hexpm", optional: false]}], "hexpm", "648e17ab9faa1ab1a788fa58ed608366a7026d0eeaec2f311510c065817c4067"},
  "luerl": {:hex, :luerl, "1.5.1", "f6700420950fc6889137e7a0c11c4a8467dea04a8c23f707a40d83566d14e786", [:rebar3], [], "hexpm", "abf88d849baa0d5dca93b245a8688d4de2ee3d588159bb2faf51e15946509390"},
  "memento": {:hex, :memento, "0.5.0", "9c6943aa9c4c792b19ab2862159e2f7f5b7ec011801e3270b0bf220f15cb6aed", [:mix], [], "hexpm", "f4c2108737640a0e9d3cd2f230f46863d746d5ab333b0ecd28619a2ae330d881"},
  "mime": {:hex, :mime, "2.0.7", "b8d739037be7cd402aee1ba0306edfdef982687ee7e9859bee6198c1e7e2f128", [:mix], [], "hexpm", "6171188e399ee16023ffc5b76ce445eb6d9672e2e241d2df6050f3c771e80ccd"},
  "mint": {:hex, :mint, "1.8.0", "b964eaf4416f2dee2ba88968d52239fca5621b0402b9c95f55a08eb9d74803e9", [:mix], [{:castore, "~> 0.1.0 or ~> 1.0", [hex: :castore, repo: "hexpm", optional: true]}, {:hpax, "~> 0.1.1 or ~> 0.2.0 or ~> 1.0", [hex: :hpax, repo: "hexpm", optional: false]}], "hexpm", "f3c572c11355eccf00f22275e9b42463bc17bd28db13be1e28f8e0bb4adbc849"},
  "msgpax": {:hex, :msgpax, "2.4.0", "4647575c87cb0c43b93266438242c21f71f196cafa268f45f91498541148c15d", [:mix], [{:plug, "~> 1.0", [hex: :plug, repo: "hexpm", optional: true]}], "hexpm", "ca933891b0e7075701a17507c61642bf6e0407bb244040d5d0a58597a06369d2"},
  "multigraph": {:hex, :multigraph, "0.16.1-mg.4", "2bbe149f5411b0e3bf0624c7bf2e3da2738efeac2f9a67bbbcb807ab171f0a76", [:mix], [], "hexpm", "b9f3e2577cef4658eeedf97c76d22a86d33a7aab702a93c1da9c122e849e9037"},
  "nimble_options": {:hex, :nimble_options, "1.1.1", "e3a492d54d85fc3fd7c5baf411d9d2852922f66e69476317787a7b2bb000a61b", [:mix], [], "hexpm", "821b2470ca9442c4b6984882fe9bb0389371b8ddec4d45a9504f00a66f650b44"},
  "nimble_parsec": {:hex, :nimble_parsec, "1.4.2", "8efba0122db06df95bfaa78f791344a89352ba04baedd3849593bfce4d0dc1c6", [:mix], [], "hexpm", "4b21398942dda052b403bbe1da991ccd03a053668d147d53fb8c4e0efe09c973"},
  "nimble_pool": {:hex, :nimble_pool, "1.1.0", "bf9c29fbdcba3564a8b800d1eeb5a3c58f36e1e11d7b7fb2e084a643f645f06b", [:mix], [], "hexpm", "af2e4e6b34197db81f7aad230c1118eac993acc0dae6bc83bac0126d4ae0813a"},
  "ok": {:hex, :ok, "2.3.0", "0a3d513ec9038504dc5359d44e14fc14ef59179e625563a1a144199cdc3a6d30", [:mix], [], "hexpm", "f0347b3f8f115bf347c704184b33cf084f2943771273f2b98a3707a5fa43c4d5"},
  "phoenix": {:hex, :phoenix, "1.8.5", "919db335247e6d4891764dc3063415b0d2457641c5f9b3751b5df03d8e20bbcf", [:mix], [{:bandit, "~> 1.0", [hex: :bandit, repo: "hexpm", optional: true]}, {:jason, "~> 1.0", [hex: :jason, repo: "hexpm", optional: true]}, {:phoenix_pubsub, "~> 2.1", [hex: :phoenix_pubsub, repo: "hexpm", optional: false]}, {:phoenix_template, "~> 1.0", [hex: :phoenix_template, repo: "hexpm", optional: false]}, {:phoenix_view, "~> 2.0", [hex: :phoenix_view, repo: "hexpm", optional: true]}, {:plug, "~> 1.14", [hex: :plug, repo: "hexpm", optional: false]}, {:plug_cowboy, "~> 2.7", [hex: :plug_cowboy, repo: "hexpm", optional: true]}, {:plug_crypto, "~> 1.2 or ~> 2.0", [hex: :plug_crypto, repo: "hexpm", optional: false]}, {:telemetry, "~> 0.4 or ~> 1.0", [hex: :telemetry, repo: "hexpm", optional: false]}, {:websock_adapter, "~> 0.5.3", [hex: :websock_adapter, repo: "hexpm", optional: false]}], "hexpm", "83b2bb125127e02e9f475c8e3e92736325b5b01b0b9b05407bcb4083b7a32485"},
  "phoenix_ecto": {:hex, :phoenix_ecto, "4.7.0", "75c4b9dfb3efdc42aec2bd5f8bccd978aca0651dbcbc7a3f362ea5d9d43153c6", [:mix], [{:ecto, "~> 3.5", [hex: :ecto, repo: "hexpm", optional: false]}, {:phoenix_html, "~> 2.14.2 or ~> 3.0 or ~> 4.1", [hex: :phoenix_html, repo: "hexpm", optional: true]}, {:plug, "~> 1.9", [hex: :plug, repo: "hexpm", optional: false]}, {:postgrex, "~> 0.16 or ~> 1.0", [hex: :postgrex, repo: "hexpm", optional: true]}], "hexpm", "1d75011e4254cb4ddf823e81823a9629559a1be93b4321a6a5f11a5306fbf4cc"},
  "phoenix_html": {:hex, :phoenix_html, "4.3.0", "d3577a5df4b6954cd7890c84d955c470b5310bb49647f0a114a6eeecc850f7ad", [:mix], [], "hexpm", "3eaa290a78bab0f075f791a46a981bbe769d94bc776869f4f3063a14f30497ad"},
  "phoenix_live_dashboard": {:hex, :phoenix_live_dashboard, "0.8.7", "405880012cb4b706f26dd1c6349125bfc903fb9e44d1ea668adaf4e04d4884b7", [:mix], [{:ecto, "~> 3.6.2 or ~> 3.7", [hex: :ecto, repo: "hexpm", optional: true]}, {:ecto_mysql_extras, "~> 0.5", [hex: :ecto_mysql_extras, repo: "hexpm", optional: true]}, {:ecto_psql_extras, "~> 0.7", [hex: :ecto_psql_extras, repo: "hexpm", optional: true]}, {:ecto_sqlite3_extras, "~> 1.1.7 or ~> 1.2.0", [hex: :ecto_sqlite3_extras, repo: "hexpm", optional: true]}, {:mime, "~> 1.6 or ~> 2.0", [hex: :mime, repo: "hexpm", optional: false]}, {:phoenix_live_view, "~> 0.19 or ~> 1.0", [hex: :phoenix_live_view, repo: "hexpm", optional: false]}, {:telemetry_metrics, "~> 0.6 or ~> 1.0", [hex: :telemetry_metrics, repo: "hexpm", optional: false]}], "hexpm", "3a8625cab39ec261d48a13b7468dc619c0ede099601b084e343968309bd4d7d7"},
  "phoenix_live_reload": {:hex, :phoenix_live_reload, "1.6.2", "b18b0773a1ba77f28c52decbb0f10fd1ac4d3ae5b8632399bbf6986e3b665f62", [:mix], [{:file_system, "~> 0.2.10 or ~> 1.0", [hex: :file_system, repo: "hexpm", optional: false]}, {:phoenix, "~> 1.4", [hex: :phoenix, repo: "hexpm", optional: false]}], "hexpm", "d1f89c18114c50d394721365ffb428cce24f1c13de0467ffa773e2ff4a30d5b9"},
  "phoenix_live_view": {:hex, :phoenix_live_view, "1.1.28", "8a8e123d018025f756605a2fb02a4854f0d3cd7b207f710fef1fd5d9d72d0254", [:mix], [{:igniter, ">= 0.6.16 and < 1.0.0-0", [hex: :igniter, repo: "hexpm", optional: true]}, {:jason, "~> 1.0", [hex: :jason, repo: "hexpm", optional: true]}, {:lazy_html, "~> 0.1.0", [hex: :lazy_html, repo: "hexpm", optional: true]}, {:phoenix, "~> 1.6.15 or ~> 1.7.0 or ~> 1.8.0-rc", [hex: :phoenix, repo: "hexpm", optional: false]}, {:phoenix_html, "~> 3.3 or ~> 4.0", [hex: :phoenix_html, repo: "hexpm", optional: false]}, {:phoenix_template, "~> 1.0", [hex: :phoenix_template, repo: "hexpm", optional: false]}, {:phoenix_view, "~> 2.0", [hex: :phoenix_view, repo: "hexpm", optional: true]}, {:plug, "~> 1.15", [hex: :plug, repo: "hexpm", optional: false]}, {:telemetry, "~> 0.4.2 or ~> 1.0", [hex: :telemetry, repo: "hexpm", optional: false]}], "hexpm", "24faad535b65089642c3a7d84088109dc58f49c1f1c5a978659855d643466353"},
  "phoenix_pubsub": {:hex, :phoenix_pubsub, "2.2.0", "ff3a5616e1bed6804de7773b92cbccfc0b0f473faf1f63d7daf1206c7aeaaa6f", [:mix], [], "hexpm", "adc313a5bf7136039f63cfd9668fde73bba0765e0614cba80c06ac9460ff3e96"},
  "phoenix_template": {:hex, :phoenix_template, "1.0.4", "e2092c132f3b5e5b2d49c96695342eb36d0ed514c5b252a77048d5969330d639", [:mix], [{:phoenix_html, "~> 2.14.2 or ~> 3.0 or ~> 4.0", [hex: :phoenix_html, repo: "hexpm", optional: true]}], "hexpm", "2c0c81f0e5c6753faf5cca2f229c9709919aba34fab866d3bc05060c9c444206"},
  "plug": {:hex, :plug, "1.19.2", "e4950525b22c6789dfb38a3f95d47171ba159da3fc5a33be9643b43d5e8adb98", [:mix], [{:mime, "~> 1.0 or ~> 2.0", [hex: :mime, repo: "hexpm", optional: false]}, {:plug_crypto, "~> 1.1.1 or ~> 1.2 or ~> 2.0", [hex: :plug_crypto, repo: "hexpm", optional: false]}, {:telemetry, "~> 0.4.3 or ~> 1.0", [hex: :telemetry, repo: "hexpm", optional: false]}], "hexpm", "b6fce20a56af5e60fa5dfecf3f907bb98ec981be43c79a3809a499bc3d133de0"},
  "plug_crypto": {:hex, :plug_crypto, "2.1.1", "19bda8184399cb24afa10be734f84a16ea0a2bc65054e23a62bb10f06bc89491", [:mix], [], "hexpm", "6470bce6ffe41c8bd497612ffde1a7e4af67f36a15eea5f921af71cf3e11247c"},
  "poolboy": {:hex, :poolboy, "1.5.2", "392b007a1693a64540cead79830443abf5762f5d30cf50bc95cb2c1aaafa006b", [:rebar3], [], "hexpm", "dad79704ce5440f3d5a3681c8590b9dc25d1a561e8f5a9c995281012860901e3"},
  "postgrex": {:hex, :postgrex, "0.22.0", "fb027b58b6eab1f6de5396a2abcdaaeb168f9ed4eccbb594e6ac393b02078cbd", [:mix], [{:db_connection, "~> 2.9", [hex: :db_connection, repo: "hexpm", optional: false]}, {:decimal, "~> 1.5 or ~> 2.0", [hex: :decimal, repo: "hexpm", optional: false]}, {:jason, "~> 1.0", [hex: :jason, repo: "hexpm", optional: true]}, {:table, "~> 0.1.0", [hex: :table, repo: "hexpm", optional: true]}], "hexpm", "a68c4261e299597909e03e6f8ff5a13876f5caadaddd0d23af0d0a61afcc5d84"},
  "private": {:hex, :private, "0.1.2", "da4add9f36c3818a9f849840ca43016c8ae7f76d7a46c3b2510f42dcc5632932", [:mix], [], "hexpm", "22ee01c3f450cf8d135da61e10ec59dde006238fab1ea039014791fc8f3ff075"},
  "req": {:hex, :req, "0.5.18", "48e6431cb4135e8a7815e745177485369a9b4a9924d5fe68ca00eb09ceaed1ef", [:mix], [{:brotli, "~> 0.3.1", [hex: :brotli, repo: "hexpm", optional: true]}, {:ezstd, "~> 1.0", [hex: :ezstd, repo: "hexpm", optional: true]}, {:finch, "~> 0.21.0 or ~> 0.22.0", [hex: :finch, repo: "hexpm", optional: false]}, {:jason, "~> 1.0", [hex: :jason, repo: "hexpm", optional: false]}, {:mime, "~> 2.0.6 or ~> 2.1", [hex: :mime, repo: "hexpm", optional: false]}, {:nimble_csv, "~> 1.0", [hex: :nimble_csv, repo: "hexpm", optional: true]}, {:plug, "~> 1.0", [hex: :plug, repo: "hexpm", optional: true]}], "hexpm", "fa03812c440a9754bf34355e0c5d4f3ed316458db62e3284b7a352ef8dc0b996"},
  "req_llm": {:hex, :req_llm, "1.14.0", "336be69a442c9a172062d4d737b0f34da08315991462b7acc6b87632081fe2df", [:mix], [{:dotenvy, "~> 1.1", [hex: :dotenvy, repo: "hexpm", optional: false]}, {:ex_aws_auth, "~> 1.3", [hex: :ex_aws_auth, repo: "hexpm", optional: false]}, {:igniter, "~> 0.7", [hex: :igniter, repo: "hexpm", optional: true]}, {:jason, "~> 1.4", [hex: :jason, repo: "hexpm", optional: false]}, {:jsv, "~> 0.11", [hex: :jsv, repo: "hexpm", optional: false]}, {:llm_db, "~> 2026.5.2", [hex: :llm_db, repo: "hexpm", optional: false]}, {:nimble_options, "~> 1.1", [hex: :nimble_options, repo: "hexpm", optional: false]}, {:req, "~> 0.5", [hex: :req, repo: "hexpm", optional: false]}, {:server_sent_events, "~> 1.1.0", [hex: :server_sent_events, repo: "hexpm", optional: false]}, {:splode, "~> 0.3.0", [hex: :splode, repo: "hexpm", optional: false]}, {:uniq, "~> 0.6", [hex: :uniq, repo: "hexpm", optional: false]}, {:websockex, "~> 0.5.1", [hex: :websockex, repo: "hexpm", optional: false]}, {:zoi, "~> 0.14", [hex: :zoi, repo: "hexpm", optional: false]}], "hexpm", "651153d9a1b0c75d80b4117e78d1f1a595c8fcfc0a3788f7ebd4f4b200b408d4"},
  "server_sent_events": {:hex, :server_sent_events, "1.1.0", "54606238b9182ba673a10ce90bd95f81a0939c1baa91cdf86b66acc04edd1832", [:mix], [], "hexpm", "8e164db8e295a2d869a8faafbf4a1eeaa749b62fe93f66271adff6394d93ce15"},
  "splode": {:hex, :splode, "0.3.1", "9843c54f84f71b7833fec3f0be06c3cfb5be6b35960ee195ea4fad84b1c25030", [:mix], [], "hexpm", "8f2309b6ec2ecbb01435656429ed1d9ed04ba28797a3280c3b0d1217018ecfbd"},
  "tailwind": {:hex, :tailwind, "0.4.1", "e7bcc222fe96a1e55f948e76d13dd84a1a7653fb051d2a167135db3b4b08d3e9", [:mix], [], "hexpm", "6249d4f9819052911120dbdbe9e532e6bd64ea23476056adb7f730aa25c220d1"},
  "telemetry": {:hex, :telemetry, "1.4.2", "a0cb522801dffb1c49fe6e30561badffc7b6d0e180db1300df759faa22062855", [:rebar3], [], "hexpm", "928f6495066506077862c0d1646609eed891a4326bee3126ba54b60af61febb1"},
  "telemetry_metrics": {:hex, :telemetry_metrics, "1.1.0", "5bd5f3b5637e0abea0426b947e3ce5dd304f8b3bc6617039e2b5a008adc02f8f", [:mix], [{:telemetry, "~> 0.4 or ~> 1.0", [hex: :telemetry, repo: "hexpm", optional: false]}], "hexpm", "e7b79e8ddfde70adb6db8a6623d1778ec66401f366e9a8f5dd0955c56bc8ce67"},
  "telemetry_poller": {:hex, :telemetry_poller, "1.3.0", "d5c46420126b5ac2d72bc6580fb4f537d35e851cc0f8dbd571acf6d6e10f5ec7", [:rebar3], [{:telemetry, "~> 1.0", [hex: :telemetry, repo: "hexpm", optional: false]}], "hexpm", "51f18bed7128544a50f75897db9974436ea9bfba560420b646af27a9a9b35211"},
  "texture": {:hex, :texture, "1.0.1", "f38127e6eb0a70c0dcdcfb0e3536dcdbc14594de736a061a1300d9a8ef08a900", [:mix], [{:abnf_parsec, "~> 2.0", [hex: :abnf_parsec, repo: "hexpm", optional: false]}], "hexpm", "0e2afc09b7949678d82cf62e4a1e1e284844d5aa8e2c1aa9f5e2aa554c7b8e16"},
  "thousand_island": {:hex, :thousand_island, "1.4.3", "2158209580f633be38d43ec4e3ce0a01079592b9657afff9080d5d8ca149a3af", [:mix], [{:telemetry, "~> 0.4 or ~> 1.0", [hex: :telemetry, repo: "hexpm", optional: false]}], "hexpm", "6e4ce09b0fd761a58594d02814d40f77daff460c48a7354a15ab353bb998ea0b"},
  "tidewave": {:hex, :tidewave, "0.5.6", "91f35540b5599640443f1d3a1c6166bf506e202840261a6344e384e8813c1f64", [:mix], [{:circular_buffer, "~> 0.4 or ~> 1.0", [hex: :circular_buffer, repo: "hexpm", optional: false]}, {:igniter, "~> 0.6", [hex: :igniter, repo: "hexpm", optional: true]}, {:jason, "~> 1.4", [hex: :jason, repo: "hexpm", optional: false]}, {:phoenix_live_reload, ">= 1.6.1", [hex: :phoenix_live_reload, repo: "hexpm", optional: true]}, {:plug, "~> 1.17", [hex: :plug, repo: "hexpm", optional: false]}, {:req, "~> 0.5", [hex: :req, repo: "hexpm", optional: false]}], "hexpm", "dc82d52b8b6ffc04680544b17cd340c7d4166bb0d63999eb960850526866b533"},
  "time_zone_info": {:hex, :time_zone_info, "0.7.13", "f9a405d1c473fe18b5f72daef56a7b7b3784c03d9e5f7cf2ae1368a853961159", [:mix], [{:castore, "~> 1.0", [hex: :castore, repo: "hexpm", optional: true]}, {:mint, "~> 1.0", [hex: :mint, repo: "hexpm", optional: true]}, {:nimble_parsec, "~> 1.3", [hex: :nimble_parsec, repo: "hexpm", optional: false]}], "hexpm", "8abeada18cefbc242ecd0411150eac123a1a723a491a97e263c57b4848f95876"},
  "toml": {:hex, :toml, "0.7.0", "fbcd773caa937d0c7a02c301a1feea25612720ac3fa1ccb8bfd9d30d822911de", [:mix], [], "hexpm", "0690246a2478c1defd100b0c9b89b4ea280a22be9a7b313a8a058a2408a2fa70"},
  "unicode_util_compat": {:hex, :unicode_util_compat, "0.7.1", "a48703a25c170eedadca83b11e88985af08d35f37c6f664d6dcfb106a97782fc", [:rebar3], [], "hexpm", "b3a917854ce3ae233619744ad1e0102e05673136776fb2fa76234f3e03b23642"},
  "uniq": {:hex, :uniq, "0.6.3", "68acff834cce1817b52928ef346662735c5413a4fec9c3b0d4a9126de5b2b489", [:mix], [{:ecto, "~> 3.0", [hex: :ecto, repo: "hexpm", optional: true]}], "hexpm", "2b2a900d0a20f3a55d3de0bc8150495e4a71255734dfb23889991bda5aca6c7d"},
  "uuid_v7": {:hex, :uuid_v7, "0.6.0", "1d65727ade8ca619ed40fdef90c4186b50c84657d2b412f7cb79777ab2d47559", [:mix], [{:ecto, "~> 3.0", [hex: :ecto, repo: "hexpm", optional: true]}], "hexpm", "1dc401134e61da847a7b2a3b28d2593893f457b9f2704893b1ba3ff7946ce91f"},
  "websock": {:hex, :websock, "0.5.3", "2f69a6ebe810328555b6fe5c831a851f485e303a7c8ce6c5f675abeb20ebdadc", [:mix], [], "hexpm", "6105453d7fac22c712ad66fab1d45abdf049868f253cf719b625151460b8b453"},
  "websock_adapter": {:hex, :websock_adapter, "0.5.9", "43dc3ba6d89ef5dec5b1d0a39698436a1e856d000d84bf31a3149862b01a287f", [:mix], [{:bandit, ">= 0.6.0", [hex: :bandit, repo: "hexpm", optional: true]}, {:plug, "~> 1.14", [hex: :plug, repo: "hexpm", optional: false]}, {:plug_cowboy, "~> 2.6", [hex: :plug_cowboy, repo: "hexpm", optional: true]}, {:websock, "~> 0.5", [hex: :websock, repo: "hexpm", optional: false]}], "hexpm", "5534d5c9adad3c18a0f58a9371220d75a803bf0b9a3d87e6fe072faaeed76a08"},
  "websockex": {:hex, :websockex, "0.5.1", "9de28d37bbe34f371eb46e29b79c94c94fff79f93c960d842fbf447253558eb4", [:mix], [{:telemetry, "~> 1.0", [hex: :telemetry, repo: "hexpm", optional: false]}], "hexpm", "8ef39576ed56bc3804c9cd8626f8b5d6b5721848d2726c0ccd4f05385a3c9f14"},
  "zoi": {:hex, :zoi, "0.18.4", "849c1ccdf69a4a7b7b6c2e41766312bcc4edf1e0af5bfb9f2f3d98234191b8ef", [:mix], [{:decimal, "~> 2.0 or ~> 3.0", [hex: :decimal, repo: "hexpm", optional: true]}, {:phoenix_html, "~> 2.14.2 or ~> 3.0 or ~> 4.1", [hex: :phoenix_html, repo: "hexpm", optional: true]}], "hexpm", "587fb221824ae7343fca3af90b8a4c53ac5cf9019891cf3aba215b43be2ba05d"},
}
